
Microsoft Visual Studio Solution File, Format Version 12.00
# Visual Studio Version 17
VisualStudioVersion = 17.9.34723.18
MinimumVisualStudioVersion = 10.0.40219.1
Project("{F184B08F-C81C-45F6-A57F-5ABD9991F28F}") = "StockManagement", "StockManagement\StockManagement.vbproj", "{2F182F0A-3130-49E1-AE42-81EFA5E5925B}"
EndProject
Project("{FAE04EC0-301F-11D3-BF4B-00C04F79EFBC}") = "StockManagementService", "StockManagementService\StockManagementService.csproj", "{448AF504-9340-4F6E-A8B9-01BBFB6C25C1}"
EndProject
Global
	GlobalSection(SolutionConfigurationPlatforms) = preSolution
		Debug|Any CPU = Debug|Any CPU
		Release|Any CPU = Release|Any CPU
	EndGlobalSection
	GlobalSection(ProjectConfigurationPlatforms) = postSolution
		{2F182F0A-3130-49E1-AE42-81EFA5E5925B}.Debug|Any CPU.ActiveCfg = Debug|Any CPU
		{2F182F0A-3130-49E1-AE42-81EFA5E5925B}.Debug|Any CPU.Build.0 = Debug|Any CPU
		{2F182F0A-3130-49E1-AE42-81EFA5E5925B}.Release|Any CPU.ActiveCfg = Release|Any CPU
		{2F182F0A-3130-49E1-AE42-81EFA5E5925B}.Release|Any CPU.Build.0 = Release|Any CPU
		{448AF504-9340-4F6E-A8B9-01BBFB6C25C1}.Debug|Any CPU.ActiveCfg = Debug|Any CPU
		{448AF504-9340-4F6E-A8B9-01BBFB6C25C1}.Debug|Any CPU.Build.0 = Debug|Any CPU
		{448AF504-9340-4F6E-A8B9-01BBFB6C25C1}.Release|Any CPU.ActiveCfg = Release|Any CPU
		{448AF504-9340-4F6E-A8B9-01BBFB6C25C1}.Release|Any CPU.Build.0 = Release|Any CPU
	EndGlobalSection
	GlobalSection(SolutionProperties) = preSolution
		HideSolutionNode = FALSE
	EndGlobalSection
	GlobalSection(ExtensibilityGlobals) = postSolution
		SolutionGuid = {307932FF-8BD5-45E5-943C-975B6E14FF67}
	EndGlobalSection
EndGlobal
