
Microsoft Visual Studio Solution File, Format Version 12.00
# Visual Studio Version 17
VisualStudioVersion = 17.9.34723.18
MinimumVisualStudioVersion = 10.0.40219.1
Project("{F184B08F-C81C-45F6-A57F-5ABD9991F28F}") = "PracticaParcialDataTable", "PracticaParcialDataTable\PracticaParcialDataTable.vbproj", "{BBA741D4-C0AD-469C-BA9B-50178B91500A}"
EndProject
Global
	GlobalSection(SolutionConfigurationPlatforms) = preSolution
		Debug|Any CPU = Debug|Any CPU
		Release|Any CPU = Release|Any CPU
	EndGlobalSection
	GlobalSection(ProjectConfigurationPlatforms) = postSolution
		{BBA741D4-C0AD-469C-BA9B-50178B91500A}.Debug|Any CPU.ActiveCfg = Debug|Any CPU
		{BBA741D4-C0AD-469C-BA9B-50178B91500A}.Debug|Any CPU.Build.0 = Debug|Any CPU
		{BBA741D4-C0AD-469C-BA9B-50178B91500A}.Release|Any CPU.ActiveCfg = Release|Any CPU
		{BBA741D4-C0AD-469C-BA9B-50178B91500A}.Release|Any CPU.Build.0 = Release|Any CPU
	EndGlobalSection
	GlobalSection(SolutionProperties) = preSolution
		HideSolutionNode = FALSE
	EndGlobalSection
	GlobalSection(ExtensibilityGlobals) = postSolution
		SolutionGuid = {625F210D-358E-4238-ABDB-0A8144F9F8B9}
	EndGlobalSection
EndGlobal
